
Microsoft Visual Studio Solution File, Format Version 12.00
# Visual Studio Version 17
VisualStudioVersion = 17.8.34525.116
MinimumVisualStudioVersion = 10.0.40219.1
Project("{FAE04EC0-301F-11D3-BF4B-00C04F79EFBC}") = "11.1. Базовый уровень Вариант 19", "11.1. Базовый уровень Вариант 19\11.1. Базовый уровень Вариант 19.csproj", "{7A16396C-480E-4FD3-90A9-C22AE999CBC9}"
EndProject
Global
	GlobalSection(SolutionConfigurationPlatforms) = preSolution
		Debug|Any CPU = Debug|Any CPU
		Release|Any CPU = Release|Any CPU
	EndGlobalSection
	GlobalSection(ProjectConfigurationPlatforms) = postSolution
		{7A16396C-480E-4FD3-90A9-C22AE999CBC9}.Debug|Any CPU.ActiveCfg = Debug|Any CPU
		{7A16396C-480E-4FD3-90A9-C22AE999CBC9}.Debug|Any CPU.Build.0 = Debug|Any CPU
		{7A16396C-480E-4FD3-90A9-C22AE999CBC9}.Release|Any CPU.ActiveCfg = Release|Any CPU
		{7A16396C-480E-4FD3-90A9-C22AE999CBC9}.Release|Any CPU.Build.0 = Release|Any CPU
	EndGlobalSection
	GlobalSection(SolutionProperties) = preSolution
		HideSolutionNode = FALSE
	EndGlobalSection
	GlobalSection(ExtensibilityGlobals) = postSolution
		SolutionGuid = {DD11B2BC-A737-4343-8B61-C1F056004C1A}
	EndGlobalSection
EndGlobal
