
Microsoft Visual Studio Solution File, Format Version 12.00
# Visual Studio Version 17
VisualStudioVersion = 17.8.34525.116
MinimumVisualStudioVersion = 10.0.40219.1
Project("{FAE04EC0-301F-11D3-BF4B-00C04F79EFBC}") = "Лабораторная работа Вариант 19", "Лабораторная работа Вариант 19\Лабораторная работа Вариант 19.csproj", "{30DF0240-C3EC-4C8B-B6AA-24543B73F052}"
EndProject
Global
	GlobalSection(SolutionConfigurationPlatforms) = preSolution
		Debug|Any CPU = Debug|Any CPU
		Release|Any CPU = Release|Any CPU
	EndGlobalSection
	GlobalSection(ProjectConfigurationPlatforms) = postSolution
		{30DF0240-C3EC-4C8B-B6AA-24543B73F052}.Debug|Any CPU.ActiveCfg = Debug|Any CPU
		{30DF0240-C3EC-4C8B-B6AA-24543B73F052}.Debug|Any CPU.Build.0 = Debug|Any CPU
		{30DF0240-C3EC-4C8B-B6AA-24543B73F052}.Release|Any CPU.ActiveCfg = Release|Any CPU
		{30DF0240-C3EC-4C8B-B6AA-24543B73F052}.Release|Any CPU.Build.0 = Release|Any CPU
	EndGlobalSection
	GlobalSection(SolutionProperties) = preSolution
		HideSolutionNode = FALSE
	EndGlobalSection
	GlobalSection(ExtensibilityGlobals) = postSolution
		SolutionGuid = {CEF8CA54-2ADE-4061-A355-2512263FC35A}
	EndGlobalSection
EndGlobal
